
Microsoft Visual Studio Solution File, Format Version 12.00
# Visual Studio Version 17
VisualStudioVersion = 17.2.32602.215
MinimumVisualStudioVersion = 10.0.40219.1
Project("{FAE04EC0-301F-11D3-BF4B-00C04F79EFBC}") = "EventManagerAPI", "EventManagerAPI\EventManagerAPI.csproj", "{5C9D131F-381B-4885-B25C-9008A78E566A}"
EndProject
Global
	GlobalSection(SolutionConfigurationPlatforms) = preSolution
		Debug|Any CPU = Debug|Any CPU
		Release|Any CPU = Release|Any CPU
	EndGlobalSection
	GlobalSection(ProjectConfigurationPlatforms) = postSolution
		{5C9D131F-381B-4885-B25C-9008A78E566A}.Debug|Any CPU.ActiveCfg = Debug|Any CPU
		{5C9D131F-381B-4885-B25C-9008A78E566A}.Debug|Any CPU.Build.0 = Debug|Any CPU
		{5C9D131F-381B-4885-B25C-9008A78E566A}.Release|Any CPU.ActiveCfg = Release|Any CPU
		{5C9D131F-381B-4885-B25C-9008A78E566A}.Release|Any CPU.Build.0 = Release|Any CPU
	EndGlobalSection
	GlobalSection(SolutionProperties) = preSolution
		HideSolutionNode = FALSE
	EndGlobalSection
	GlobalSection(ExtensibilityGlobals) = postSolution
		SolutionGuid = {D4C95EAE-243E-424B-A6F4-513D5E63AF69}
	EndGlobalSection
EndGlobal
